
Microsoft Visual Studio Solution File, Format Version 12.00
# Visual Studio 14
VisualStudioVersion = 14.0.25420.1
MinimumVisualStudioVersion = 10.0.40219.1
Project("{FAE04EC0-301F-11D3-BF4B-00C04F79EFBC}") = "manageSchedules.Client", "manageSchedules.Client\manageSchedules.Client.csproj", "{E6C99C07-A3C2-45E3-B055-01F20D9E1914}"
EndProject
Project("{FAE04EC0-301F-11D3-BF4B-00C04F79EFBC}") = "manageSchedules.Client.Tests", "manageSchedules.Client.Tests\manageSchedules.Client.Tests.csproj", "{8CCE4A28-23AD-4F03-9341-581BBD7AABD8}"
EndProject
Project("{FAE04EC0-301F-11D3-BF4B-00C04F79EFBC}") = "manageSchedules.Data", "manageSchedules.Data\manageSchedules.Data.csproj", "{02ED8904-0802-4BD7-AF39-64EC7578CFCE}"
EndProject
Project("{FAE04EC0-301F-11D3-BF4B-00C04F79EFBC}") = "manageScedules.Common", "manageScedules.Common\manageScedules.Common.csproj", "{81976234-0D60-4CE5-8B28-E66615FFD18F}"
EndProject
Project("{FAE04EC0-301F-11D3-BF4B-00C04F79EFBC}") = "manageSchedules.Services", "manageSchedules.Services\manageSchedules.Services.csproj", "{3C411531-5A0B-4CCA-9094-12F3941D86F8}"
EndProject
Project("{FAE04EC0-301F-11D3-BF4B-00C04F79EFBC}") = "manageSchedules.Dtos", "manageSchedules.Dtos\manageSchedules.Dtos.csproj", "{D7CD82A9-8179-44D9-8D1F-4125691DDA06}"
EndProject
Project("{FAE04EC0-301F-11D3-BF4B-00C04F79EFBC}") = "manageSchedules.Di", "manageSchedules.Di\manageSchedules.Di.csproj", "{2499BA8E-AEB2-4B4D-8557-861C841666F9}"
EndProject
Project("{FAE04EC0-301F-11D3-BF4B-00C04F79EFBC}") = "manageSchedules.Api", "manageSchedules.Api\manageSchedules.Api.csproj", "{55A6877E-0618-4BC2-AEC4-A98DABFCA8B4}"
EndProject
Global
	GlobalSection(SolutionConfigurationPlatforms) = preSolution
		Debug|Any CPU = Debug|Any CPU
		Release|Any CPU = Release|Any CPU
	EndGlobalSection
	GlobalSection(ProjectConfigurationPlatforms) = postSolution
		{E6C99C07-A3C2-45E3-B055-01F20D9E1914}.Debug|Any CPU.ActiveCfg = Debug|Any CPU
		{E6C99C07-A3C2-45E3-B055-01F20D9E1914}.Debug|Any CPU.Build.0 = Debug|Any CPU
		{E6C99C07-A3C2-45E3-B055-01F20D9E1914}.Release|Any CPU.ActiveCfg = Release|Any CPU
		{E6C99C07-A3C2-45E3-B055-01F20D9E1914}.Release|Any CPU.Build.0 = Release|Any CPU
		{8CCE4A28-23AD-4F03-9341-581BBD7AABD8}.Debug|Any CPU.ActiveCfg = Debug|Any CPU
		{8CCE4A28-23AD-4F03-9341-581BBD7AABD8}.Debug|Any CPU.Build.0 = Debug|Any CPU
		{8CCE4A28-23AD-4F03-9341-581BBD7AABD8}.Release|Any CPU.ActiveCfg = Release|Any CPU
		{8CCE4A28-23AD-4F03-9341-581BBD7AABD8}.Release|Any CPU.Build.0 = Release|Any CPU
		{02ED8904-0802-4BD7-AF39-64EC7578CFCE}.Debug|Any CPU.ActiveCfg = Debug|Any CPU
		{02ED8904-0802-4BD7-AF39-64EC7578CFCE}.Debug|Any CPU.Build.0 = Debug|Any CPU
		{02ED8904-0802-4BD7-AF39-64EC7578CFCE}.Release|Any CPU.ActiveCfg = Release|Any CPU
		{02ED8904-0802-4BD7-AF39-64EC7578CFCE}.Release|Any CPU.Build.0 = Release|Any CPU
		{81976234-0D60-4CE5-8B28-E66615FFD18F}.Debug|Any CPU.ActiveCfg = Debug|Any CPU
		{81976234-0D60-4CE5-8B28-E66615FFD18F}.Debug|Any CPU.Build.0 = Debug|Any CPU
		{81976234-0D60-4CE5-8B28-E66615FFD18F}.Release|Any CPU.ActiveCfg = Release|Any CPU
		{81976234-0D60-4CE5-8B28-E66615FFD18F}.Release|Any CPU.Build.0 = Release|Any CPU
		{3C411531-5A0B-4CCA-9094-12F3941D86F8}.Debug|Any CPU.ActiveCfg = Debug|Any CPU
		{3C411531-5A0B-4CCA-9094-12F3941D86F8}.Debug|Any CPU.Build.0 = Debug|Any CPU
		{3C411531-5A0B-4CCA-9094-12F3941D86F8}.Release|Any CPU.ActiveCfg = Release|Any CPU
		{3C411531-5A0B-4CCA-9094-12F3941D86F8}.Release|Any CPU.Build.0 = Release|Any CPU
		{D7CD82A9-8179-44D9-8D1F-4125691DDA06}.Debug|Any CPU.ActiveCfg = Debug|Any CPU
		{D7CD82A9-8179-44D9-8D1F-4125691DDA06}.Debug|Any CPU.Build.0 = Debug|Any CPU
		{D7CD82A9-8179-44D9-8D1F-4125691DDA06}.Release|Any CPU.ActiveCfg = Release|Any CPU
		{D7CD82A9-8179-44D9-8D1F-4125691DDA06}.Release|Any CPU.Build.0 = Release|Any CPU
		{2499BA8E-AEB2-4B4D-8557-861C841666F9}.Debug|Any CPU.ActiveCfg = Debug|Any CPU
		{2499BA8E-AEB2-4B4D-8557-861C841666F9}.Debug|Any CPU.Build.0 = Debug|Any CPU
		{2499BA8E-AEB2-4B4D-8557-861C841666F9}.Release|Any CPU.ActiveCfg = Release|Any CPU
		{2499BA8E-AEB2-4B4D-8557-861C841666F9}.Release|Any CPU.Build.0 = Release|Any CPU
		{55A6877E-0618-4BC2-AEC4-A98DABFCA8B4}.Debug|Any CPU.ActiveCfg = Debug|Any CPU
		{55A6877E-0618-4BC2-AEC4-A98DABFCA8B4}.Debug|Any CPU.Build.0 = Debug|Any CPU
		{55A6877E-0618-4BC2-AEC4-A98DABFCA8B4}.Release|Any CPU.ActiveCfg = Release|Any CPU
		{55A6877E-0618-4BC2-AEC4-A98DABFCA8B4}.Release|Any CPU.Build.0 = Release|Any CPU
	EndGlobalSection
	GlobalSection(SolutionProperties) = preSolution
		HideSolutionNode = FALSE
	EndGlobalSection
EndGlobal
